// !$*UTF8*$!
{
	archiveVersion = 1;
	classes = {
	};
	objectVersion = 55;
	objects = {

/* Begin PBXBuildFile section */
		18B12C5F28FD76FF00F29480 /* AppDelegate.swift in Sources */ = {isa = PBXBuildFile; fileRef = 18B12C5E28FD76FF00F29480 /* AppDelegate.swift */; };
		18B12C6128FD76FF00F29480 /* SceneDelegate.swift in Sources */ = {isa = PBXBuildFile; fileRef = 18B12C6028FD76FF00F29480 /* SceneDelegate.swift */; };
		18B12C6328FD76FF00F29480 /* ViewController.swift in Sources */ = {isa = PBXBuildFile; fileRef = 18B12C6228FD76FF00F29480 /* ViewController.swift */; };
		18B12C6628FD76FF00F29480 /* Main.storyboard in Resources */ = {isa = PBXBuildFile; fileRef = 18B12C6428FD76FF00F29480 /* Main.storyboard */; };
		18B12C6828FD770200F29480 /* Assets.xcassets in Resources */ = {isa = PBXBuildFile; fileRef = 18B12C6728FD770200F29480 /* Assets.xcassets */; };
		18B12C6B28FD770200F29480 /* LaunchScreen.storyboard in Resources */ = {isa = PBXBuildFile; fileRef = 18B12C6928FD770200F29480 /* LaunchScreen.storyboard */; };
		18B12C7428FD775D00F29480 /* WeatherController.swift in Sources */ = {isa = PBXBuildFile; fileRef = 18B12C7328FD775D00F29480 /* WeatherController.swift */; };
		18B12C7A28FD871300F29480 /* WeatherModel.swift in Sources */ = {isa = PBXBuildFile; fileRef = 18B12C7928FD871300F29480 /* WeatherModel.swift */; };
		18B12C8C28FD881400F29480 /* NetworkManager.swift in Sources */ = {isa = PBXBuildFile; fileRef = 18B12C8B28FD881400F29480 /* NetworkManager.swift */; };
		18B12C8E28FD886A00F29480 /* NetworkProperties.swift in Sources */ = {isa = PBXBuildFile; fileRef = 18B12C8D28FD886A00F29480 /* NetworkProperties.swift */; };
		18B12C9128FDC90600F29480 /* ImageView.swift in Sources */ = {isa = PBXBuildFile; fileRef = 18B12C9028FDC90600F29480 /* ImageView.swift */; };
		18B12C9628FDD53900F29480 /* HourlyCell.swift in Sources */ = {isa = PBXBuildFile; fileRef = 18B12C9328FDD53900F29480 /* HourlyCell.swift */; };
		18B12C9728FDD53900F29480 /* ForecastCell.swift in Sources */ = {isa = PBXBuildFile; fileRef = 18B12C9428FDD53900F29480 /* ForecastCell.swift */; };
		18B12C9828FDD53900F29480 /* SelfConfiguringCell.swift in Sources */ = {isa = PBXBuildFile; fileRef = 18B12C9528FDD53900F29480 /* SelfConfiguringCell.swift */; };
		18B12CA628FDFDCF00F29480 /* Uitilities.swift in Sources */ = {isa = PBXBuildFile; fileRef = 18B12CA528FDFDCF00F29480 /* Uitilities.swift */; };
/* End PBXBuildFile section */

/* Begin PBXFileReference section */
		18B12C5B28FD76FF00F29480 /* WeatherApp.app */ = {isa = PBXFileReference; explicitFileType = wrapper.application; includeInIndex = 0; path = WeatherApp.app; sourceTree = BUILT_PRODUCTS_DIR; };
		18B12C5E28FD76FF00F29480 /* AppDelegate.swift */ = {isa = PBXFileReference; lastKnownFileType = sourcecode.swift; path = AppDelegate.swift; sourceTree = "<group>"; };
		18B12C6028FD76FF00F29480 /* SceneDelegate.swift */ = {isa = PBXFileReference; lastKnownFileType = sourcecode.swift; path = SceneDelegate.swift; sourceTree = "<group>"; };
		18B12C6228FD76FF00F29480 /* ViewController.swift */ = {isa = PBXFileReference; lastKnownFileType = sourcecode.swift; path = ViewController.swift; sourceTree = "<group>"; };
		18B12C6528FD76FF00F29480 /* Base */ = {isa = PBXFileReference; lastKnownFileType = file.storyboard; name = Base; path = Base.lproj/Main.storyboard; sourceTree = "<group>"; };
		18B12C6728FD770200F29480 /* Assets.xcassets */ = {isa = PBXFileReference; lastKnownFileType = folder.assetcatalog; path = Assets.xcassets; sourceTree = "<group>"; };
		18B12C6A28FD770200F29480 /* Base */ = {isa = PBXFileReference; lastKnownFileType = file.storyboard; name = Base; path = Base.lproj/LaunchScreen.storyboard; sourceTree = "<group>"; };
		18B12C6C28FD770200F29480 /* Info.plist */ = {isa = PBXFileReference; lastKnownFileType = text.plist.xml; path = Info.plist; sourceTree = "<group>"; };
		18B12C7328FD775D00F29480 /* WeatherController.swift */ = {isa = PBXFileReference; lastKnownFileType = sourcecode.swift; path = WeatherController.swift; sourceTree = "<group>"; };
		18B12C7928FD871300F29480 /* WeatherModel.swift */ = {isa = PBXFileReference; lastKnownFileType = sourcecode.swift; path = WeatherModel.swift; sourceTree = "<group>"; };
		18B12C8B28FD881400F29480 /* NetworkManager.swift */ = {isa = PBXFileReference; lastKnownFileType = sourcecode.swift; path = NetworkManager.swift; sourceTree = "<group>"; };
		18B12C8D28FD886A00F29480 /* NetworkProperties.swift */ = {isa = PBXFileReference; lastKnownFileType = sourcecode.swift; path = NetworkProperties.swift; sourceTree = "<group>"; };
		18B12C9028FDC90600F29480 /* ImageView.swift */ = {isa = PBXFileReference; lastKnownFileType = sourcecode.swift; path = ImageView.swift; sourceTree = "<group>"; };
		18B12C9328FDD53900F29480 /* HourlyCell.swift */ = {isa = PBXFileReference; fileEncoding = 4; lastKnownFileType = sourcecode.swift; path = HourlyCell.swift; sourceTree = "<group>"; };
		18B12C9428FDD53900F29480 /* ForecastCell.swift */ = {isa = PBXFileReference; fileEncoding = 4; lastKnownFileType = sourcecode.swift; path = ForecastCell.swift; sourceTree = "<group>"; };
		18B12C9528FDD53900F29480 /* SelfConfiguringCell.swift */ = {isa = PBXFileReference; fileEncoding = 4; lastKnownFileType = sourcecode.swift; path = SelfConfiguringCell.swift; sourceTree = "<group>"; };
		18B12CA528FDFDCF00F29480 /* Uitilities.swift */ = {isa = PBXFileReference; lastKnownFileType = sourcecode.swift; path = Uitilities.swift; sourceTree = "<group>"; };
/* End PBXFileReference section */

/* Begin PBXFrameworksBuildPhase section */
		18B12C5828FD76FF00F29480 /* Frameworks */ = {
			isa = PBXFrameworksBuildPhase;
			buildActionMask = 2147483647;
			files = (
			);
			runOnlyForDeploymentPostprocessing = 0;
		};
/* End PBXFrameworksBuildPhase section */

/* Begin PBXGroup section */
		18B12C5228FD76FF00F29480 = {
			isa = PBXGroup;
			children = (
				18B12C5D28FD76FF00F29480 /* WeatherApp */,
				18B12C5C28FD76FF00F29480 /* Products */,
			);
			sourceTree = "<group>";
		};
		18B12C5C28FD76FF00F29480 /* Products */ = {
			isa = PBXGroup;
			children = (
				18B12C5B28FD76FF00F29480 /* WeatherApp.app */,
			);
			name = Products;
			sourceTree = "<group>";
		};
		18B12C5D28FD76FF00F29480 /* WeatherApp */ = {
			isa = PBXGroup;
			children = (
				18B12C9228FDD53900F29480 /* Cell */,
				18B12C8F28FDC8D900F29480 /* Extension */,
				18B12C7828FD86E600F29480 /* Model */,
				18B12C7528FD86B900F29480 /* NetworkManager */,
				18B12C7228FD771000F29480 /* View */,
				18B12C5E28FD76FF00F29480 /* AppDelegate.swift */,
				18B12C6028FD76FF00F29480 /* SceneDelegate.swift */,
				18B12C6228FD76FF00F29480 /* ViewController.swift */,
				18B12C6428FD76FF00F29480 /* Main.storyboard */,
				18B12C6728FD770200F29480 /* Assets.xcassets */,
				18B12C6928FD770200F29480 /* LaunchScreen.storyboard */,
				18B12C6C28FD770200F29480 /* Info.plist */,
			);
			path = WeatherApp;
			sourceTree = "<group>";
		};
		18B12C7228FD771000F29480 /* View */ = {
			isa = PBXGroup;
			children = (
				18B12C7328FD775D00F29480 /* WeatherController.swift */,
			);
			path = View;
			sourceTree = "<group>";
		};
		18B12C7528FD86B900F29480 /* NetworkManager */ = {
			isa = PBXGroup;
			children = (
				18B12C8B28FD881400F29480 /* NetworkManager.swift */,
				18B12C8D28FD886A00F29480 /* NetworkProperties.swift */,
			);
			path = NetworkManager;
			sourceTree = "<group>";
		};
		18B12C7828FD86E600F29480 /* Model */ = {
			isa = PBXGroup;
			children = (
				18B12C7928FD871300F29480 /* WeatherModel.swift */,
			);
			path = Model;
			sourceTree = "<group>";
		};
		18B12C8F28FDC8D900F29480 /* Extension */ = {
			isa = PBXGroup;
			children = (
				18B12C9028FDC90600F29480 /* ImageView.swift */,
				18B12CA528FDFDCF00F29480 /* Uitilities.swift */,
			);
			path = Extension;
			sourceTree = "<group>";
		};
		18B12C9228FDD53900F29480 /* Cell */ = {
			isa = PBXGroup;
			children = (
				18B12C9328FDD53900F29480 /* HourlyCell.swift */,
				18B12C9428FDD53900F29480 /* ForecastCell.swift */,
				18B12C9528FDD53900F29480 /* SelfConfiguringCell.swift */,
			);
			path = Cell;
			sourceTree = "<group>";
		};
/* End PBXGroup section */

/* Begin PBXNativeTarget section */
		18B12C5A28FD76FF00F29480 /* WeatherApp */ = {
			isa = PBXNativeTarget;
			buildConfigurationList = 18B12C6F28FD770200F29480 /* Build configuration list for PBXNativeTarget "WeatherApp" */;
			buildPhases = (
				18B12C5728FD76FF00F29480 /* Sources */,
				18B12C5828FD76FF00F29480 /* Frameworks */,
				18B12C5928FD76FF00F29480 /* Resources */,
			);
			buildRules = (
			);
			dependencies = (
			);
			name = WeatherApp;
			productName = WeatherApp;
			productReference = 18B12C5B28FD76FF00F29480 /* WeatherApp.app */;
			productType = "com.apple.product-type.application";
		};
/* End PBXNativeTarget section */

/* Begin PBXProject section */
		18B12C5328FD76FF00F29480 /* Project object */ = {
			isa = PBXProject;
			attributes = {
				BuildIndependentTargetsInParallel = 1;
				LastSwiftUpdateCheck = 1320;
				LastUpgradeCheck = 1320;
				TargetAttributes = {
					18B12C5A28FD76FF00F29480 = {
						CreatedOnToolsVersion = 13.2;
					};
				};
			};
			buildConfigurationList = 18B12C5628FD76FF00F29480 /* Build configuration list for PBXProject "WeatherApp" */;
			compatibilityVersion = "Xcode 13.0";
			developmentRegion = en;
			hasScannedForEncodings = 0;
			knownRegions = (
				en,
				Base,
			);
			mainGroup = 18B12C5228FD76FF00F29480;
			productRefGroup = 18B12C5C28FD76FF00F29480 /* Products */;
			projectDirPath = "";
			projectRoot = "";
			targets = (
				18B12C5A28FD76FF00F29480 /* WeatherApp */,
			);
		};
/* End PBXProject section */

/* Begin PBXResourcesBuildPhase section */
		18B12C5928FD76FF00F29480 /* Resources */ = {
			isa = PBXResourcesBuildPhase;
			buildActionMask = 2147483647;
			files = (
				18B12C6B28FD770200F29480 /* LaunchScreen.storyboard in Resources */,
				18B12C6828FD770200F29480 /* Assets.xcassets in Resources */,
				18B12C6628FD76FF00F29480 /* Main.storyboard in Resources */,
			);
			runOnlyForDeploymentPostprocessing = 0;
		};
/* End PBXResourcesBuildPhase section */

/* Begin PBXSourcesBuildPhase section */
		18B12C5728FD76FF00F29480 /* Sources */ = {
			isa = PBXSourcesBuildPhase;
			buildActionMask = 2147483647;
			files = (
				18B12C9128FDC90600F29480 /* ImageView.swift in Sources */,
				18B12C6328FD76FF00F29480 /* ViewController.swift in Sources */,
				18B12C9628FDD53900F29480 /* HourlyCell.swift in Sources */,
				18B12C9728FDD53900F29480 /* ForecastCell.swift in Sources */,
				18B12C5F28FD76FF00F29480 /* AppDelegate.swift in Sources */,
				18B12C8E28FD886A00F29480 /* NetworkProperties.swift in Sources */,
				18B12CA628FDFDCF00F29480 /* Uitilities.swift in Sources */,
				18B12C7A28FD871300F29480 /* WeatherModel.swift in Sources */,
				18B12C8C28FD881400F29480 /* NetworkManager.swift in Sources */,
				18B12C9828FDD53900F29480 /* SelfConfiguringCell.swift in Sources */,
				18B12C7428FD775D00F29480 /* WeatherController.swift in Sources */,
				18B12C6128FD76FF00F29480 /* SceneDelegate.swift in Sources */,
			);
			runOnlyForDeploymentPostprocessing = 0;
		};
/* End PBXSourcesBuildPhase section */

/* Begin PBXVariantGroup section */
		18B12C6428FD76FF00F29480 /* Main.storyboard */ = {
			isa = PBXVariantGroup;
			children = (
				18B12C6528FD76FF00F29480 /* Base */,
			);
			name = Main.storyboard;
			sourceTree = "<group>";
		};
		18B12C6928FD770200F29480 /* LaunchScreen.storyboard */ = {
			isa = PBXVariantGroup;
			children = (
				18B12C6A28FD770200F29480 /* Base */,
			);
			name = LaunchScreen.storyboard;
			sourceTree = "<group>";
		};
/* End PBXVariantGroup section */

/* Begin XCBuildConfiguration section */
		18B12C6D28FD770200F29480 /* Debug */ = {
			isa = XCBuildConfiguration;
			buildSettings = {
				ALWAYS_SEARCH_USER_PATHS = NO;
				CLANG_ANALYZER_NONNULL = YES;
				CLANG_ANALYZER_NUMBER_OBJECT_CONVERSION = YES_AGGRESSIVE;
				CLANG_CXX_LANGUAGE_STANDARD = "gnu++17";
				CLANG_CXX_LIBRARY = "libc++";
				CLANG_ENABLE_MODULES = YES;
				CLANG_ENABLE_OBJC_ARC = YES;
				CLANG_ENABLE_OBJC_WEAK = YES;
				CLANG_WARN_BLOCK_CAPTURE_AUTORELEASING = YES;
				CLANG_WARN_BOOL_CONVERSION = YES;
				CLANG_WARN_COMMA = YES;
				CLANG_WARN_CONSTANT_CONVERSION = YES;
				CLANG_WARN_DEPRECATED_OBJC_IMPLEMENTATIONS = YES;
				CLANG_WARN_DIRECT_OBJC_ISA_USAGE = YES_ERROR;
				CLANG_WARN_DOCUMENTATION_COMMENTS = YES;
				CLANG_WARN_EMPTY_BODY = YES;
				CLANG_WARN_ENUM_CONVERSION = YES;
				CLANG_WARN_INFINITE_RECURSION = YES;
				CLANG_WARN_INT_CONVERSION = YES;
				CLANG_WARN_NON_LITERAL_NULL_CONVERSION = YES;
				CLANG_WARN_OBJC_IMPLICIT_RETAIN_SELF = YES;
				CLANG_WARN_OBJC_LITERAL_CONVERSION = YES;
				CLANG_WARN_OBJC_ROOT_CLASS = YES_ERROR;
				CLANG_WARN_QUOTED_INCLUDE_IN_FRAMEWORK_HEADER = YES;
				CLANG_WARN_RANGE_LOOP_ANALYSIS = YES;
				CLANG_WARN_STRICT_PROTOTYPES = YES;
				CLANG_WARN_SUSPICIOUS_MOVE = YES;
				CLANG_WARN_UNGUARDED_AVAILABILITY = YES_AGGRESSIVE;
				CLANG_WARN_UNREACHABLE_CODE = YES;
				CLANG_WARN__DUPLICATE_METHOD_MATCH = YES;
				COPY_PHASE_STRIP = NO;
				DEBUG_INFORMATION_FORMAT = dwarf;
				ENABLE_STRICT_OBJC_MSGSEND = YES;
				ENABLE_TESTABILITY = YES;
				GCC_C_LANGUAGE_STANDARD = gnu11;
				GCC_DYNAMIC_NO_PIC = NO;
				GCC_NO_COMMON_BLOCKS = YES;
				GCC_OPTIMIZATION_LEVEL = 0;
				GCC_PREPROCESSOR_DEFINITIONS = (
					"DEBUG=1",
					"$(inherited)",
				);
				GCC_WARN_64_TO_32_BIT_CONVERSION = YES;
				GCC_WARN_ABOUT_RETURN_TYPE = YES_ERROR;
				GCC_WARN_UNDECLARED_SELECTOR = YES;
				GCC_WARN_UNINITIALIZED_AUTOS = YES_AGGRESSIVE;
				GCC_WARN_UNUSED_FUNCTION = YES;
				GCC_WARN_UNUSED_VARIABLE = YES;
				IPHONEOS_DEPLOYMENT_TARGET = 15.2;
				MTL_ENABLE_DEBUG_INFO = INCLUDE_SOURCE;
				MTL_FAST_MATH = YES;
				ONLY_ACTIVE_ARCH = YES;
				SDKROOT = iphoneos;
				SWIFT_ACTIVE_COMPILATION_CONDITIONS = DEBUG;
				SWIFT_OPTIMIZATION_LEVEL = "-Onone";
			};
			name = Debug;
		};
		18B12C6E28FD770200F29480 /* Release */ = {
			isa = XCBuildConfiguration;
			buildSettings = {
				ALWAYS_SEARCH_USER_PATHS = NO;
				CLANG_ANALYZER_NONNULL = YES;
				CLANG_ANALYZER_NUMBER_OBJECT_CONVERSION = YES_AGGRESSIVE;
				CLANG_CXX_LANGUAGE_STANDARD = "gnu++17";
				CLANG_CXX_LIBRARY = "libc++";
				CLANG_ENABLE_MODULES = YES;
				CLANG_ENABLE_OBJC_ARC = YES;
				CLANG_ENABLE_OBJC_WEAK = YES;
				CLANG_WARN_BLOCK_CAPTURE_AUTORELEASING = YES;
				CLANG_WARN_BOOL_CONVERSION = YES;
				CLANG_WARN_COMMA = YES;
				CLANG_WARN_CONSTANT_CONVERSION = YES;
				CLANG_WARN_DEPRECATED_OBJC_IMPLEMENTATIONS = YES;
				CLANG_WARN_DIRECT_OBJC_ISA_USAGE = YES_ERROR;
				CLANG_WARN_DOCUMENTATION_COMMENTS = YES;
				CLANG_WARN_EMPTY_BODY = YES;
				CLANG_WARN_ENUM_CONVERSION = YES;
				CLANG_WARN_INFINITE_RECURSION = YES;
				CLANG_WARN_INT_CONVERSION = YES;
				CLANG_WARN_NON_LITERAL_NULL_CONVERSION = YES;
				CLANG_WARN_OBJC_IMPLICIT_RETAIN_SELF = YES;
				CLANG_WARN_OBJC_LITERAL_CONVERSION = YES;
				CLANG_WARN_OBJC_ROOT_CLASS = YES_ERROR;
				CLANG_WARN_QUOTED_INCLUDE_IN_FRAMEWORK_HEADER = YES;
				CLANG_WARN_RANGE_LOOP_ANALYSIS = YES;
				CLANG_WARN_STRICT_PROTOTYPES = YES;
				CLANG_WARN_SUSPICIOUS_MOVE = YES;
				CLANG_WARN_UNGUARDED_AVAILABILITY = YES_AGGRESSIVE;
				CLANG_WARN_UNREACHABLE_CODE = YES;
				CLANG_WARN__DUPLICATE_METHOD_MATCH = YES;
				COPY_PHASE_STRIP = NO;
				DEBUG_INFORMATION_FORMAT = "dwarf-with-dsym";
				ENABLE_NS_ASSERTIONS = NO;
				ENABLE_STRICT_OBJC_MSGSEND = YES;
				GCC_C_LANGUAGE_STANDARD = gnu11;
				GCC_NO_COMMON_BLOCKS = YES;
				GCC_WARN_64_TO_32_BIT_CONVERSION = YES;
				GCC_WARN_ABOUT_RETURN_TYPE = YES_ERROR;
				GCC_WARN_UNDECLARED_SELECTOR = YES;
				GCC_WARN_UNINITIALIZED_AUTOS = YES_AGGRESSIVE;
				GCC_WARN_UNUSED_FUNCTION = YES;
				GCC_WARN_UNUSED_VARIABLE = YES;
				IPHONEOS_DEPLOYMENT_TARGET = 15.2;
				MTL_ENABLE_DEBUG_INFO = NO;
				MTL_FAST_MATH = YES;
				SDKROOT = iphoneos;
				SWIFT_COMPILATION_MODE = wholemodule;
				SWIFT_OPTIMIZATION_LEVEL = "-O";
				VALIDATE_PRODUCT = YES;
			};
			name = Release;
		};
		18B12C7028FD770200F29480 /* Debug */ = {
			isa = XCBuildConfiguration;
			buildSettings = {
				ASSETCATALOG_COMPILER_APPICON_NAME = AppIcon;
				ASSETCATALOG_COMPILER_GLOBAL_ACCENT_COLOR_NAME = AccentColor;
				CODE_SIGN_STYLE = Automatic;
				CURRENT_PROJECT_VERSION = 1;
				GENERATE_INFOPLIST_FILE = YES;
				INFOPLIST_FILE = WeatherApp/Info.plist;
				INFOPLIST_KEY_NSLocationWhenInUseUsageDescription = "App needs your location to provide weather information";
				INFOPLIST_KEY_UIApplicationSupportsIndirectInputEvents = YES;
				INFOPLIST_KEY_UILaunchStoryboardName = LaunchScreen;
				INFOPLIST_KEY_UIRequiredDeviceCapabilities = armv7;
				INFOPLIST_KEY_UISupportedInterfaceOrientations = "UIInterfaceOrientationPortrait UIInterfaceOrientationLandscapeLeft UIInterfaceOrientationLandscapeRight";
				INFOPLIST_KEY_UISupportedInterfaceOrientations_iPad = "UIInterfaceOrientationPortrait UIInterfaceOrientationPortraitUpsideDown UIInterfaceOrientationLandscapeLeft UIInterfaceOrientationLandscapeRight";
				INFOPLIST_KEY_UISupportedInterfaceOrientations_iPhone = "UIInterfaceOrientationPortrait UIInterfaceOrientationLandscapeLeft UIInterfaceOrientationLandscapeRight";
				IPHONEOS_DEPLOYMENT_TARGET = 13.0;
				LD_RUNPATH_SEARCH_PATHS = (
					"$(inherited)",
					"@executable_path/Frameworks",
				);
				MARKETING_VERSION = 1.0;
				PRODUCT_BUNDLE_IDENTIFIER = test.weatherapp.WeatherApp;
				PRODUCT_NAME = "$(TARGET_NAME)";
				SWIFT_EMIT_LOC_STRINGS = YES;
				SWIFT_VERSION = 5.0;
				TARGETED_DEVICE_FAMILY = 1;
			};
			name = Debug;
		};
		18B12C7128FD770200F29480 /* Release */ = {
			isa = XCBuildConfiguration;
			buildSettings = {
				ASSETCATALOG_COMPILER_APPICON_NAME = AppIcon;
				ASSETCATALOG_COMPILER_GLOBAL_ACCENT_COLOR_NAME = AccentColor;
				CODE_SIGN_STYLE = Automatic;
				CURRENT_PROJECT_VERSION = 1;
				GENERATE_INFOPLIST_FILE = YES;
				INFOPLIST_FILE = WeatherApp/Info.plist;
				INFOPLIST_KEY_NSLocationWhenInUseUsageDescription = "App needs your location to provide weather information";
				INFOPLIST_KEY_UIApplicationSupportsIndirectInputEvents = YES;
				INFOPLIST_KEY_UILaunchStoryboardName = LaunchScreen;
				INFOPLIST_KEY_UIRequiredDeviceCapabilities = armv7;
				INFOPLIST_KEY_UISupportedInterfaceOrientations = "UIInterfaceOrientationPortrait UIInterfaceOrientationLandscapeLeft UIInterfaceOrientationLandscapeRight";
				INFOPLIST_KEY_UISupportedInterfaceOrientations_iPad = "UIInterfaceOrientationPortrait UIInterfaceOrientationPortraitUpsideDown UIInterfaceOrientationLandscapeLeft UIInterfaceOrientationLandscapeRight";
				INFOPLIST_KEY_UISupportedInterfaceOrientations_iPhone = "UIInterfaceOrientationPortrait UIInterfaceOrientationLandscapeLeft UIInterfaceOrientationLandscapeRight";
				IPHONEOS_DEPLOYMENT_TARGET = 13.0;
				LD_RUNPATH_SEARCH_PATHS = (
					"$(inherited)",
					"@executable_path/Frameworks",
				);
				MARKETING_VERSION = 1.0;
				PRODUCT_BUNDLE_IDENTIFIER = test.weatherapp.WeatherApp;
				PRODUCT_NAME = "$(TARGET_NAME)";
				SWIFT_EMIT_LOC_STRINGS = YES;
				SWIFT_VERSION = 5.0;
				TARGETED_DEVICE_FAMILY = 1;
			};
			name = Release;
		};
/* End XCBuildConfiguration section */

/* Begin XCConfigurationList section */
		18B12C5628FD76FF00F29480 /* Build configuration list for PBXProject "WeatherApp" */ = {
			isa = XCConfigurationList;
			buildConfigurations = (
				18B12C6D28FD770200F29480 /* Debug */,
				18B12C6E28FD770200F29480 /* Release */,
			);
			defaultConfigurationIsVisible = 0;
			defaultConfigurationName = Release;
		};
		18B12C6F28FD770200F29480 /* Build configuration list for PBXNativeTarget "WeatherApp" */ = {
			isa = XCConfigurationList;
			buildConfigurations = (
				18B12C7028FD770200F29480 /* Debug */,
				18B12C7128FD770200F29480 /* Release */,
			);
			defaultConfigurationIsVisible = 0;
			defaultConfigurationName = Release;
		};
/* End XCConfigurationList section */
	};
	rootObject = 18B12C5328FD76FF00F29480 /* Project object */;
}
